
Microsoft Visual Studio Solution File, Format Version 12.00
# Visual Studio Version 17
VisualStudioVersion = 17.0.31903.59
MinimumVisualStudioVersion = 10.0.40219.1
Project("{2150E333-8FDC-42A3-9474-1A3956D46DE8}") = "src", "src", "{D9B1C4DB-69E0-4939-8D3D-8C94181D667E}"
EndProject
Project("{2150E333-8FDC-42A3-9474-1A3956D46DE8}") = "BuildingBlocks", "BuildingBlocks", "{52869930-5044-4418-B2FA-8BD075033B70}"
EndProject
Project("{FAE04EC0-301F-11D3-BF4B-00C04F79EFBC}") = "EmergencyHub.BuildingBlocks.Domain", "src\BuildingBlocks\EmergencyHub.BuildingBlocks.Domain\EmergencyHub.BuildingBlocks.Domain.csproj", "{8D1D63E9-98DA-46C8-BA4F-21B8C8ACEFE9}"
EndProject
Project("{2150E333-8FDC-42A3-9474-1A3956D46DE8}") = "tests", "tests", "{604F3EE8-CE4C-4DA0-AEFD-BA0194D48B2E}"
EndProject
Project("{2150E333-8FDC-42A3-9474-1A3956D46DE8}") = "BuildingBlocks", "BuildingBlocks", "{96631316-6E41-40FF-82D7-F3E3042DF287}"
EndProject
Project("{FAE04EC0-301F-11D3-BF4B-00C04F79EFBC}") = "EmergencyHub.BuildingBlocks.Domain.UnitTests", "tests\BuildingBlocks\EmergencyHub.BuildingBlocks.Domain.UnitTests\EmergencyHub.BuildingBlocks.Domain.UnitTests.csproj", "{D3E784B6-8645-4E42-9239-416595E8DC7B}"
EndProject
Project("{FAE04EC0-301F-11D3-BF4B-00C04F79EFBC}") = "EmergencyHub.BuildingBlocks.Application", "src\BuildingBlocks\EmergencyHub.BuildingBlocks.Application\EmergencyHub.BuildingBlocks.Application.csproj", "{33F50C08-F60D-4A0A-B4F9-9F72D9E5D4F1}"
EndProject
Project("{FAE04EC0-301F-11D3-BF4B-00C04F79EFBC}") = "EmergencyHub.BuildingBlocks.Application.UnitTests", "tests\BuildingBlocks\EmergencyHub.BuildingBlocks.Application.UnitTests\EmergencyHub.BuildingBlocks.Application.UnitTests.csproj", "{7AD433FB-515C-45DC-B2C1-404066051B0A}"
EndProject
Project("{FAE04EC0-301F-11D3-BF4B-00C04F79EFBC}") = "EmergencyHub.BuildingBlocks.Infrastructure", "src\BuildingBlocks\EmergencyHub.BuildingBlocks.Infrastructure\EmergencyHub.BuildingBlocks.Infrastructure.csproj", "{58C3FF2E-2C48-4859-B236-961865D36C31}"
EndProject
Project("{FAE04EC0-301F-11D3-BF4B-00C04F79EFBC}") = "EmergencyHub.BuildingBlocks.Infrastructure.UnitTests", "tests\BuildingBlocks\EmergencyHub.BuildingBlocks.Infrastructure.UnitTests\EmergencyHub.BuildingBlocks.Infrastructure.UnitTests.csproj", "{D0BAEA27-6040-4689-9D56-9CAA8170E925}"
EndProject
Project("{FAE04EC0-301F-11D3-BF4B-00C04F79EFBC}") = "EmergencyHub.BuildingBlocks.Api", "src\BuildingBlocks\EmergencyHub.BuildingBlocks.Api\EmergencyHub.BuildingBlocks.Api.csproj", "{140CEAD6-8000-4E17-B0E5-63C10BA42A8C}"
EndProject
Project("{FAE04EC0-301F-11D3-BF4B-00C04F79EFBC}") = "EmergencyHub.BuildingBlocks.Api.UnitTests", "tests\BuildingBlocks\EmergencyHub.BuildingBlocks.Api.UnitTests\EmergencyHub.BuildingBlocks.Api.UnitTests.csproj", "{1358036E-3BA7-451A-96F5-1EC05EA81F8F}"
EndProject
Global
	GlobalSection(SolutionConfigurationPlatforms) = preSolution
		Debug|Any CPU = Debug|Any CPU
		Release|Any CPU = Release|Any CPU
	EndGlobalSection
	GlobalSection(SolutionProperties) = preSolution
		HideSolutionNode = FALSE
	EndGlobalSection
	GlobalSection(ProjectConfigurationPlatforms) = postSolution
		{8D1D63E9-98DA-46C8-BA4F-21B8C8ACEFE9}.Debug|Any CPU.ActiveCfg = Debug|Any CPU
		{8D1D63E9-98DA-46C8-BA4F-21B8C8ACEFE9}.Debug|Any CPU.Build.0 = Debug|Any CPU
		{8D1D63E9-98DA-46C8-BA4F-21B8C8ACEFE9}.Release|Any CPU.ActiveCfg = Release|Any CPU
		{8D1D63E9-98DA-46C8-BA4F-21B8C8ACEFE9}.Release|Any CPU.Build.0 = Release|Any CPU
		{D3E784B6-8645-4E42-9239-416595E8DC7B}.Debug|Any CPU.ActiveCfg = Debug|Any CPU
		{D3E784B6-8645-4E42-9239-416595E8DC7B}.Debug|Any CPU.Build.0 = Debug|Any CPU
		{D3E784B6-8645-4E42-9239-416595E8DC7B}.Release|Any CPU.ActiveCfg = Release|Any CPU
		{D3E784B6-8645-4E42-9239-416595E8DC7B}.Release|Any CPU.Build.0 = Release|Any CPU
		{33F50C08-F60D-4A0A-B4F9-9F72D9E5D4F1}.Debug|Any CPU.ActiveCfg = Debug|Any CPU
		{33F50C08-F60D-4A0A-B4F9-9F72D9E5D4F1}.Debug|Any CPU.Build.0 = Debug|Any CPU
		{33F50C08-F60D-4A0A-B4F9-9F72D9E5D4F1}.Release|Any CPU.ActiveCfg = Release|Any CPU
		{33F50C08-F60D-4A0A-B4F9-9F72D9E5D4F1}.Release|Any CPU.Build.0 = Release|Any CPU
		{7AD433FB-515C-45DC-B2C1-404066051B0A}.Debug|Any CPU.ActiveCfg = Debug|Any CPU
		{7AD433FB-515C-45DC-B2C1-404066051B0A}.Debug|Any CPU.Build.0 = Debug|Any CPU
		{7AD433FB-515C-45DC-B2C1-404066051B0A}.Release|Any CPU.ActiveCfg = Release|Any CPU
		{7AD433FB-515C-45DC-B2C1-404066051B0A}.Release|Any CPU.Build.0 = Release|Any CPU
		{58C3FF2E-2C48-4859-B236-961865D36C31}.Debug|Any CPU.ActiveCfg = Debug|Any CPU
		{58C3FF2E-2C48-4859-B236-961865D36C31}.Debug|Any CPU.Build.0 = Debug|Any CPU
		{58C3FF2E-2C48-4859-B236-961865D36C31}.Release|Any CPU.ActiveCfg = Release|Any CPU
		{58C3FF2E-2C48-4859-B236-961865D36C31}.Release|Any CPU.Build.0 = Release|Any CPU
		{D0BAEA27-6040-4689-9D56-9CAA8170E925}.Debug|Any CPU.ActiveCfg = Debug|Any CPU
		{D0BAEA27-6040-4689-9D56-9CAA8170E925}.Debug|Any CPU.Build.0 = Debug|Any CPU
		{D0BAEA27-6040-4689-9D56-9CAA8170E925}.Release|Any CPU.ActiveCfg = Release|Any CPU
		{D0BAEA27-6040-4689-9D56-9CAA8170E925}.Release|Any CPU.Build.0 = Release|Any CPU
		{140CEAD6-8000-4E17-B0E5-63C10BA42A8C}.Debug|Any CPU.ActiveCfg = Debug|Any CPU
		{140CEAD6-8000-4E17-B0E5-63C10BA42A8C}.Debug|Any CPU.Build.0 = Debug|Any CPU
		{140CEAD6-8000-4E17-B0E5-63C10BA42A8C}.Release|Any CPU.ActiveCfg = Release|Any CPU
		{140CEAD6-8000-4E17-B0E5-63C10BA42A8C}.Release|Any CPU.Build.0 = Release|Any CPU
		{1358036E-3BA7-451A-96F5-1EC05EA81F8F}.Debug|Any CPU.ActiveCfg = Debug|Any CPU
		{1358036E-3BA7-451A-96F5-1EC05EA81F8F}.Debug|Any CPU.Build.0 = Debug|Any CPU
		{1358036E-3BA7-451A-96F5-1EC05EA81F8F}.Release|Any CPU.ActiveCfg = Release|Any CPU
		{1358036E-3BA7-451A-96F5-1EC05EA81F8F}.Release|Any CPU.Build.0 = Release|Any CPU
	EndGlobalSection
	GlobalSection(NestedProjects) = preSolution
		{52869930-5044-4418-B2FA-8BD075033B70} = {D9B1C4DB-69E0-4939-8D3D-8C94181D667E}
		{8D1D63E9-98DA-46C8-BA4F-21B8C8ACEFE9} = {52869930-5044-4418-B2FA-8BD075033B70}
		{96631316-6E41-40FF-82D7-F3E3042DF287} = {604F3EE8-CE4C-4DA0-AEFD-BA0194D48B2E}
		{D3E784B6-8645-4E42-9239-416595E8DC7B} = {96631316-6E41-40FF-82D7-F3E3042DF287}
		{33F50C08-F60D-4A0A-B4F9-9F72D9E5D4F1} = {52869930-5044-4418-B2FA-8BD075033B70}
		{7AD433FB-515C-45DC-B2C1-404066051B0A} = {96631316-6E41-40FF-82D7-F3E3042DF287}
		{58C3FF2E-2C48-4859-B236-961865D36C31} = {52869930-5044-4418-B2FA-8BD075033B70}
		{D0BAEA27-6040-4689-9D56-9CAA8170E925} = {96631316-6E41-40FF-82D7-F3E3042DF287}
		{140CEAD6-8000-4E17-B0E5-63C10BA42A8C} = {52869930-5044-4418-B2FA-8BD075033B70}
		{1358036E-3BA7-451A-96F5-1EC05EA81F8F} = {96631316-6E41-40FF-82D7-F3E3042DF287}
	EndGlobalSection
EndGlobal
