
Microsoft Visual Studio Solution File, Format Version 12.00
# Visual Studio Version 17
VisualStudioVersion = 17.0.31903.59
MinimumVisualStudioVersion = 10.0.40219.1
Project("{2150E333-8FDC-42A3-9474-1A3956D46DE8}") = "src", "src", "{D9B1C4DB-69E0-4939-8D3D-8C94181D667E}"
EndProject
Project("{2150E333-8FDC-42A3-9474-1A3956D46DE8}") = "BuildingBlocks", "BuildingBlocks", "{52869930-5044-4418-B2FA-8BD075033B70}"
EndProject
Project("{FAE04EC0-301F-11D3-BF4B-00C04F79EFBC}") = "EmergencyHub.BuildingBlocks.Domain", "src\BuildingBlocks\EmergencyHub.BuildingBlocks.Domain\EmergencyHub.BuildingBlocks.Domain.csproj", "{8D1D63E9-98DA-46C8-BA4F-21B8C8ACEFE9}"
EndProject
Project("{2150E333-8FDC-42A3-9474-1A3956D46DE8}") = "tests", "tests", "{604F3EE8-CE4C-4DA0-AEFD-BA0194D48B2E}"
EndProject
Project("{2150E333-8FDC-42A3-9474-1A3956D46DE8}") = "BuildingBlocks", "BuildingBlocks", "{96631316-6E41-40FF-82D7-F3E3042DF287}"
EndProject
Project("{FAE04EC0-301F-11D3-BF4B-00C04F79EFBC}") = "EmergencyHub.BuildingBlocks.Domain.UnitTests", "tests\BuildingBlocks\EmergencyHub.BuildingBlocks.Domain.UnitTests\EmergencyHub.BuildingBlocks.Domain.UnitTests.csproj", "{D3E784B6-8645-4E42-9239-416595E8DC7B}"
EndProject
Project("{FAE04EC0-301F-11D3-BF4B-00C04F79EFBC}") = "EmergencyHub.BuildingBlocks.Application", "src\BuildingBlocks\EmergencyHub.BuildingBlocks.Application\EmergencyHub.BuildingBlocks.Application.csproj", "{33F50C08-F60D-4A0A-B4F9-9F72D9E5D4F1}"
EndProject
Project("{FAE04EC0-301F-11D3-BF4B-00C04F79EFBC}") = "EmergencyHub.BuildingBlocks.Application.UnitTests", "tests\BuildingBlocks\EmergencyHub.BuildingBlocks.Application.UnitTests\EmergencyHub.BuildingBlocks.Application.UnitTests.csproj", "{7AD433FB-515C-45DC-B2C1-404066051B0A}"
EndProject
Project("{FAE04EC0-301F-11D3-BF4B-00C04F79EFBC}") = "EmergencyHub.BuildingBlocks.Infrastructure", "src\BuildingBlocks\EmergencyHub.BuildingBlocks.Infrastructure\EmergencyHub.BuildingBlocks.Infrastructure.csproj", "{58C3FF2E-2C48-4859-B236-961865D36C31}"
EndProject
Project("{FAE04EC0-301F-11D3-BF4B-00C04F79EFBC}") = "EmergencyHub.BuildingBlocks.Infrastructure.UnitTests", "tests\BuildingBlocks\EmergencyHub.BuildingBlocks.Infrastructure.UnitTests\EmergencyHub.BuildingBlocks.Infrastructure.UnitTests.csproj", "{D0BAEA27-6040-4689-9D56-9CAA8170E925}"
EndProject
Project("{FAE04EC0-301F-11D3-BF4B-00C04F79EFBC}") = "EmergencyHub.BuildingBlocks.Api", "src\BuildingBlocks\EmergencyHub.BuildingBlocks.Api\EmergencyHub.BuildingBlocks.Api.csproj", "{140CEAD6-8000-4E17-B0E5-63C10BA42A8C}"
EndProject
Project("{FAE04EC0-301F-11D3-BF4B-00C04F79EFBC}") = "EmergencyHub.BuildingBlocks.Api.UnitTests", "tests\BuildingBlocks\EmergencyHub.BuildingBlocks.Api.UnitTests\EmergencyHub.BuildingBlocks.Api.UnitTests.csproj", "{1358036E-3BA7-451A-96F5-1EC05EA81F8F}"
EndProject
Project("{FAE04EC0-301F-11D3-BF4B-00C04F79EFBC}") = "EmergencyHub.ArchitectureTests", "tests\EmergencyHub.ArchitectureTests\EmergencyHub.ArchitectureTests.csproj", "{F5062111-9CC9-43B5-A180-FFC053B75179}"
EndProject
Project("{2150E333-8FDC-42A3-9474-1A3956D46DE8}") = "Services", "Services", "{045DB3DE-D60F-4B06-80BF-C9F6035E2EA6}"
EndProject
Project("{2150E333-8FDC-42A3-9474-1A3956D46DE8}") = "Employee", "Employee", "{7A373D14-0277-4507-B9C4-C89E5A4AD494}"
EndProject
Project("{FAE04EC0-301F-11D3-BF4B-00C04F79EFBC}") = "EmergencyHub.Employee.Domain", "src\Services\Employee\EmergencyHub.Employee.Domain\EmergencyHub.Employee.Domain.csproj", "{C61CABB2-F24C-45BA-B586-834854D87343}"
EndProject
Project("{FAE04EC0-301F-11D3-BF4B-00C04F79EFBC}") = "EmergencyHub.Employee.Application", "src\Services\Employee\EmergencyHub.Employee.Application\EmergencyHub.Employee.Application.csproj", "{5910EB26-1745-4BFD-9511-90985300F886}"
EndProject
Project("{2150E333-8FDC-42A3-9474-1A3956D46DE8}") = "Services", "Services", "{C8B415C1-E240-4B7C-A31B-0E2921A6DE09}"
EndProject
Project("{2150E333-8FDC-42A3-9474-1A3956D46DE8}") = "Employee", "Employee", "{81CDF134-34E6-4383-9804-F8166CA2C26E}"
EndProject
Project("{FAE04EC0-301F-11D3-BF4B-00C04F79EFBC}") = "EmergencyHub.Employee.Domain.UnitTests", "tests\Services\Employee\EmergencyHub.Employee.Domain.UnitTests\EmergencyHub.Employee.Domain.UnitTests.csproj", "{BF10BC56-7A5F-40D7-860D-8A1CAFD3AF6B}"
EndProject
Project("{FAE04EC0-301F-11D3-BF4B-00C04F79EFBC}") = "EmergencyHub.Employee.Application.UnitTests", "tests\Services\Employee\EmergencyHub.Employee.Application.UnitTests\EmergencyHub.Employee.Application.UnitTests.csproj", "{CC4481A6-AB5A-4339-8138-323B561FF9EE}"
EndProject
Project("{FAE04EC0-301F-11D3-BF4B-00C04F79EFBC}") = "EmergencyHub.Employee.Infrastructure", "src\Services\Employee\EmergencyHub.Employee.Infrastructure\EmergencyHub.Employee.Infrastructure.csproj", "{AE22F448-404D-4E7E-9D3F-B3D62494952E}"
EndProject
Project("{FAE04EC0-301F-11D3-BF4B-00C04F79EFBC}") = "EmergencyHub.Employee.Infrastructure.UnitTests", "tests\Services\Employee\EmergencyHub.Employee.Infrastructure.UnitTests\EmergencyHub.Employee.Infrastructure.UnitTests.csproj", "{F02CB2CE-9514-4AC9-9225-85584E321D6D}"
EndProject
Project("{2150E333-8FDC-42A3-9474-1A3956D46DE8}") = "Aspire", "Aspire", "{2A2E555C-752C-44F3-AD14-DBDCDC3F18F2}"
EndProject
Project("{FAE04EC0-301F-11D3-BF4B-00C04F79EFBC}") = "EmergencyHub.ServiceDefaults", "src\Aspire\EmergencyHub.ServiceDefaults\EmergencyHub.ServiceDefaults.csproj", "{B30CF0B3-78BB-4B4C-83BA-9D6A922EA895}"
EndProject
Project("{2150E333-8FDC-42A3-9474-1A3956D46DE8}") = "Aspire", "Aspire", "{A6B46E25-767B-43BF-823F-8E2E3ABF1ABF}"
EndProject
Project("{FAE04EC0-301F-11D3-BF4B-00C04F79EFBC}") = "EmergencyHub.ServiceDefaults.UnitTests", "tests\Aspire\EmergencyHub.ServiceDefaults.UnitTests\EmergencyHub.ServiceDefaults.UnitTests.csproj", "{5D8D2EA8-3E8C-463B-A7E8-D687CD58E68A}"
EndProject
Project("{FAE04EC0-301F-11D3-BF4B-00C04F79EFBC}") = "EmergencyHub.Employee.MigrationService", "src\Services\Employee\EmergencyHub.Employee.MigrationService\EmergencyHub.Employee.MigrationService.csproj", "{6BA006F3-2F78-4E59-AE9E-4AA5A28EA39D}"
EndProject
Project("{FAE04EC0-301F-11D3-BF4B-00C04F79EFBC}") = "EmergencyHub.Employee.MigrationService.UnitTests", "tests\Services\Employee\EmergencyHub.Employee.MigrationService.UnitTests\EmergencyHub.Employee.MigrationService.UnitTests.csproj", "{3700BB6D-F22C-4BCE-A1E3-EDF73119A037}"
EndProject
Global
	GlobalSection(SolutionConfigurationPlatforms) = preSolution
		Debug|Any CPU = Debug|Any CPU
		Release|Any CPU = Release|Any CPU
	EndGlobalSection
	GlobalSection(SolutionProperties) = preSolution
		HideSolutionNode = FALSE
	EndGlobalSection
	GlobalSection(ProjectConfigurationPlatforms) = postSolution
		{8D1D63E9-98DA-46C8-BA4F-21B8C8ACEFE9}.Debug|Any CPU.ActiveCfg = Debug|Any CPU
		{8D1D63E9-98DA-46C8-BA4F-21B8C8ACEFE9}.Debug|Any CPU.Build.0 = Debug|Any CPU
		{8D1D63E9-98DA-46C8-BA4F-21B8C8ACEFE9}.Release|Any CPU.ActiveCfg = Release|Any CPU
		{8D1D63E9-98DA-46C8-BA4F-21B8C8ACEFE9}.Release|Any CPU.Build.0 = Release|Any CPU
		{D3E784B6-8645-4E42-9239-416595E8DC7B}.Debug|Any CPU.ActiveCfg = Debug|Any CPU
		{D3E784B6-8645-4E42-9239-416595E8DC7B}.Debug|Any CPU.Build.0 = Debug|Any CPU
		{D3E784B6-8645-4E42-9239-416595E8DC7B}.Release|Any CPU.ActiveCfg = Release|Any CPU
		{D3E784B6-8645-4E42-9239-416595E8DC7B}.Release|Any CPU.Build.0 = Release|Any CPU
		{33F50C08-F60D-4A0A-B4F9-9F72D9E5D4F1}.Debug|Any CPU.ActiveCfg = Debug|Any CPU
		{33F50C08-F60D-4A0A-B4F9-9F72D9E5D4F1}.Debug|Any CPU.Build.0 = Debug|Any CPU
		{33F50C08-F60D-4A0A-B4F9-9F72D9E5D4F1}.Release|Any CPU.ActiveCfg = Release|Any CPU
		{33F50C08-F60D-4A0A-B4F9-9F72D9E5D4F1}.Release|Any CPU.Build.0 = Release|Any CPU
		{7AD433FB-515C-45DC-B2C1-404066051B0A}.Debug|Any CPU.ActiveCfg = Debug|Any CPU
		{7AD433FB-515C-45DC-B2C1-404066051B0A}.Debug|Any CPU.Build.0 = Debug|Any CPU
		{7AD433FB-515C-45DC-B2C1-404066051B0A}.Release|Any CPU.ActiveCfg = Release|Any CPU
		{7AD433FB-515C-45DC-B2C1-404066051B0A}.Release|Any CPU.Build.0 = Release|Any CPU
		{58C3FF2E-2C48-4859-B236-961865D36C31}.Debug|Any CPU.ActiveCfg = Debug|Any CPU
		{58C3FF2E-2C48-4859-B236-961865D36C31}.Debug|Any CPU.Build.0 = Debug|Any CPU
		{58C3FF2E-2C48-4859-B236-961865D36C31}.Release|Any CPU.ActiveCfg = Release|Any CPU
		{58C3FF2E-2C48-4859-B236-961865D36C31}.Release|Any CPU.Build.0 = Release|Any CPU
		{D0BAEA27-6040-4689-9D56-9CAA8170E925}.Debug|Any CPU.ActiveCfg = Debug|Any CPU
		{D0BAEA27-6040-4689-9D56-9CAA8170E925}.Debug|Any CPU.Build.0 = Debug|Any CPU
		{D0BAEA27-6040-4689-9D56-9CAA8170E925}.Release|Any CPU.ActiveCfg = Release|Any CPU
		{D0BAEA27-6040-4689-9D56-9CAA8170E925}.Release|Any CPU.Build.0 = Release|Any CPU
		{140CEAD6-8000-4E17-B0E5-63C10BA42A8C}.Debug|Any CPU.ActiveCfg = Debug|Any CPU
		{140CEAD6-8000-4E17-B0E5-63C10BA42A8C}.Debug|Any CPU.Build.0 = Debug|Any CPU
		{140CEAD6-8000-4E17-B0E5-63C10BA42A8C}.Release|Any CPU.ActiveCfg = Release|Any CPU
		{140CEAD6-8000-4E17-B0E5-63C10BA42A8C}.Release|Any CPU.Build.0 = Release|Any CPU
		{1358036E-3BA7-451A-96F5-1EC05EA81F8F}.Debug|Any CPU.ActiveCfg = Debug|Any CPU
		{1358036E-3BA7-451A-96F5-1EC05EA81F8F}.Debug|Any CPU.Build.0 = Debug|Any CPU
		{1358036E-3BA7-451A-96F5-1EC05EA81F8F}.Release|Any CPU.ActiveCfg = Release|Any CPU
		{1358036E-3BA7-451A-96F5-1EC05EA81F8F}.Release|Any CPU.Build.0 = Release|Any CPU
		{F5062111-9CC9-43B5-A180-FFC053B75179}.Debug|Any CPU.ActiveCfg = Debug|Any CPU
		{F5062111-9CC9-43B5-A180-FFC053B75179}.Debug|Any CPU.Build.0 = Debug|Any CPU
		{F5062111-9CC9-43B5-A180-FFC053B75179}.Release|Any CPU.ActiveCfg = Release|Any CPU
		{F5062111-9CC9-43B5-A180-FFC053B75179}.Release|Any CPU.Build.0 = Release|Any CPU
		{C61CABB2-F24C-45BA-B586-834854D87343}.Debug|Any CPU.ActiveCfg = Debug|Any CPU
		{C61CABB2-F24C-45BA-B586-834854D87343}.Debug|Any CPU.Build.0 = Debug|Any CPU
		{C61CABB2-F24C-45BA-B586-834854D87343}.Release|Any CPU.ActiveCfg = Release|Any CPU
		{C61CABB2-F24C-45BA-B586-834854D87343}.Release|Any CPU.Build.0 = Release|Any CPU
		{5910EB26-1745-4BFD-9511-90985300F886}.Debug|Any CPU.ActiveCfg = Debug|Any CPU
		{5910EB26-1745-4BFD-9511-90985300F886}.Debug|Any CPU.Build.0 = Debug|Any CPU
		{5910EB26-1745-4BFD-9511-90985300F886}.Release|Any CPU.ActiveCfg = Release|Any CPU
		{5910EB26-1745-4BFD-9511-90985300F886}.Release|Any CPU.Build.0 = Release|Any CPU
		{BF10BC56-7A5F-40D7-860D-8A1CAFD3AF6B}.Debug|Any CPU.ActiveCfg = Debug|Any CPU
		{BF10BC56-7A5F-40D7-860D-8A1CAFD3AF6B}.Debug|Any CPU.Build.0 = Debug|Any CPU
		{BF10BC56-7A5F-40D7-860D-8A1CAFD3AF6B}.Release|Any CPU.ActiveCfg = Release|Any CPU
		{BF10BC56-7A5F-40D7-860D-8A1CAFD3AF6B}.Release|Any CPU.Build.0 = Release|Any CPU
		{CC4481A6-AB5A-4339-8138-323B561FF9EE}.Debug|Any CPU.ActiveCfg = Debug|Any CPU
		{CC4481A6-AB5A-4339-8138-323B561FF9EE}.Debug|Any CPU.Build.0 = Debug|Any CPU
		{CC4481A6-AB5A-4339-8138-323B561FF9EE}.Release|Any CPU.ActiveCfg = Release|Any CPU
		{CC4481A6-AB5A-4339-8138-323B561FF9EE}.Release|Any CPU.Build.0 = Release|Any CPU
		{AE22F448-404D-4E7E-9D3F-B3D62494952E}.Debug|Any CPU.ActiveCfg = Debug|Any CPU
		{AE22F448-404D-4E7E-9D3F-B3D62494952E}.Debug|Any CPU.Build.0 = Debug|Any CPU
		{AE22F448-404D-4E7E-9D3F-B3D62494952E}.Release|Any CPU.ActiveCfg = Release|Any CPU
		{AE22F448-404D-4E7E-9D3F-B3D62494952E}.Release|Any CPU.Build.0 = Release|Any CPU
		{F02CB2CE-9514-4AC9-9225-85584E321D6D}.Debug|Any CPU.ActiveCfg = Debug|Any CPU
		{F02CB2CE-9514-4AC9-9225-85584E321D6D}.Debug|Any CPU.Build.0 = Debug|Any CPU
		{F02CB2CE-9514-4AC9-9225-85584E321D6D}.Release|Any CPU.ActiveCfg = Release|Any CPU
		{F02CB2CE-9514-4AC9-9225-85584E321D6D}.Release|Any CPU.Build.0 = Release|Any CPU
		{B30CF0B3-78BB-4B4C-83BA-9D6A922EA895}.Debug|Any CPU.ActiveCfg = Debug|Any CPU
		{B30CF0B3-78BB-4B4C-83BA-9D6A922EA895}.Debug|Any CPU.Build.0 = Debug|Any CPU
		{B30CF0B3-78BB-4B4C-83BA-9D6A922EA895}.Release|Any CPU.ActiveCfg = Release|Any CPU
		{B30CF0B3-78BB-4B4C-83BA-9D6A922EA895}.Release|Any CPU.Build.0 = Release|Any CPU
		{5D8D2EA8-3E8C-463B-A7E8-D687CD58E68A}.Debug|Any CPU.ActiveCfg = Debug|Any CPU
		{5D8D2EA8-3E8C-463B-A7E8-D687CD58E68A}.Debug|Any CPU.Build.0 = Debug|Any CPU
		{5D8D2EA8-3E8C-463B-A7E8-D687CD58E68A}.Release|Any CPU.ActiveCfg = Release|Any CPU
		{5D8D2EA8-3E8C-463B-A7E8-D687CD58E68A}.Release|Any CPU.Build.0 = Release|Any CPU
		{6BA006F3-2F78-4E59-AE9E-4AA5A28EA39D}.Debug|Any CPU.ActiveCfg = Debug|Any CPU
		{6BA006F3-2F78-4E59-AE9E-4AA5A28EA39D}.Debug|Any CPU.Build.0 = Debug|Any CPU
		{6BA006F3-2F78-4E59-AE9E-4AA5A28EA39D}.Release|Any CPU.ActiveCfg = Release|Any CPU
		{6BA006F3-2F78-4E59-AE9E-4AA5A28EA39D}.Release|Any CPU.Build.0 = Release|Any CPU
		{3700BB6D-F22C-4BCE-A1E3-EDF73119A037}.Debug|Any CPU.ActiveCfg = Debug|Any CPU
		{3700BB6D-F22C-4BCE-A1E3-EDF73119A037}.Debug|Any CPU.Build.0 = Debug|Any CPU
		{3700BB6D-F22C-4BCE-A1E3-EDF73119A037}.Release|Any CPU.ActiveCfg = Release|Any CPU
		{3700BB6D-F22C-4BCE-A1E3-EDF73119A037}.Release|Any CPU.Build.0 = Release|Any CPU
	EndGlobalSection
	GlobalSection(NestedProjects) = preSolution
		{52869930-5044-4418-B2FA-8BD075033B70} = {D9B1C4DB-69E0-4939-8D3D-8C94181D667E}
		{8D1D63E9-98DA-46C8-BA4F-21B8C8ACEFE9} = {52869930-5044-4418-B2FA-8BD075033B70}
		{96631316-6E41-40FF-82D7-F3E3042DF287} = {604F3EE8-CE4C-4DA0-AEFD-BA0194D48B2E}
		{D3E784B6-8645-4E42-9239-416595E8DC7B} = {96631316-6E41-40FF-82D7-F3E3042DF287}
		{33F50C08-F60D-4A0A-B4F9-9F72D9E5D4F1} = {52869930-5044-4418-B2FA-8BD075033B70}
		{7AD433FB-515C-45DC-B2C1-404066051B0A} = {96631316-6E41-40FF-82D7-F3E3042DF287}
		{58C3FF2E-2C48-4859-B236-961865D36C31} = {52869930-5044-4418-B2FA-8BD075033B70}
		{D0BAEA27-6040-4689-9D56-9CAA8170E925} = {96631316-6E41-40FF-82D7-F3E3042DF287}
		{140CEAD6-8000-4E17-B0E5-63C10BA42A8C} = {52869930-5044-4418-B2FA-8BD075033B70}
		{1358036E-3BA7-451A-96F5-1EC05EA81F8F} = {96631316-6E41-40FF-82D7-F3E3042DF287}
		{F5062111-9CC9-43B5-A180-FFC053B75179} = {604F3EE8-CE4C-4DA0-AEFD-BA0194D48B2E}
		{045DB3DE-D60F-4B06-80BF-C9F6035E2EA6} = {D9B1C4DB-69E0-4939-8D3D-8C94181D667E}
		{7A373D14-0277-4507-B9C4-C89E5A4AD494} = {045DB3DE-D60F-4B06-80BF-C9F6035E2EA6}
		{C61CABB2-F24C-45BA-B586-834854D87343} = {7A373D14-0277-4507-B9C4-C89E5A4AD494}
		{5910EB26-1745-4BFD-9511-90985300F886} = {7A373D14-0277-4507-B9C4-C89E5A4AD494}
		{C8B415C1-E240-4B7C-A31B-0E2921A6DE09} = {604F3EE8-CE4C-4DA0-AEFD-BA0194D48B2E}
		{81CDF134-34E6-4383-9804-F8166CA2C26E} = {C8B415C1-E240-4B7C-A31B-0E2921A6DE09}
		{BF10BC56-7A5F-40D7-860D-8A1CAFD3AF6B} = {81CDF134-34E6-4383-9804-F8166CA2C26E}
		{CC4481A6-AB5A-4339-8138-323B561FF9EE} = {81CDF134-34E6-4383-9804-F8166CA2C26E}
		{AE22F448-404D-4E7E-9D3F-B3D62494952E} = {7A373D14-0277-4507-B9C4-C89E5A4AD494}
		{F02CB2CE-9514-4AC9-9225-85584E321D6D} = {81CDF134-34E6-4383-9804-F8166CA2C26E}
		{2A2E555C-752C-44F3-AD14-DBDCDC3F18F2} = {D9B1C4DB-69E0-4939-8D3D-8C94181D667E}
		{B30CF0B3-78BB-4B4C-83BA-9D6A922EA895} = {2A2E555C-752C-44F3-AD14-DBDCDC3F18F2}
		{A6B46E25-767B-43BF-823F-8E2E3ABF1ABF} = {604F3EE8-CE4C-4DA0-AEFD-BA0194D48B2E}
		{5D8D2EA8-3E8C-463B-A7E8-D687CD58E68A} = {A6B46E25-767B-43BF-823F-8E2E3ABF1ABF}
		{6BA006F3-2F78-4E59-AE9E-4AA5A28EA39D} = {7A373D14-0277-4507-B9C4-C89E5A4AD494}
		{3700BB6D-F22C-4BCE-A1E3-EDF73119A037} = {81CDF134-34E6-4383-9804-F8166CA2C26E}
	EndGlobalSection
EndGlobal
